
Microsoft Visual Studio Solution File, Format Version 12.00
# Visual Studio Version 17
VisualStudioVersion = 17.10.35122.118
MinimumVisualStudioVersion = 10.0.40219.1
Project("{FAE04EC0-301F-11D3-BF4B-00C04F79EFBC}") = "Server", "Server.csproj", "{0AE5E4C0-FA24-4AA8-B04D-55024B9921C4}"
EndProject
Project("{FAE04EC0-301F-11D3-BF4B-00C04F79EFBC}") = "Petstore.Data.Object", "..\Petstore.Data.Object\Petstore.Data.Object.csproj", "{141D8740-C626-4814-97B0-BA5587AB7A47}"
EndProject
Global
	GlobalSection(SolutionConfigurationPlatforms) = preSolution
		Debug|Any CPU = Debug|Any CPU
		Release|Any CPU = Release|Any CPU
	EndGlobalSection
	GlobalSection(ProjectConfigurationPlatforms) = postSolution
		{0AE5E4C0-FA24-4AA8-B04D-55024B9921C4}.Debug|Any CPU.ActiveCfg = Debug|Any CPU
		{0AE5E4C0-FA24-4AA8-B04D-55024B9921C4}.Debug|Any CPU.Build.0 = Debug|Any CPU
		{0AE5E4C0-FA24-4AA8-B04D-55024B9921C4}.Release|Any CPU.ActiveCfg = Release|Any CPU
		{0AE5E4C0-FA24-4AA8-B04D-55024B9921C4}.Release|Any CPU.Build.0 = Release|Any CPU
		{141D8740-C626-4814-97B0-BA5587AB7A47}.Debug|Any CPU.ActiveCfg = Debug|Any CPU
		{141D8740-C626-4814-97B0-BA5587AB7A47}.Debug|Any CPU.Build.0 = Debug|Any CPU
		{141D8740-C626-4814-97B0-BA5587AB7A47}.Release|Any CPU.ActiveCfg = Release|Any CPU
		{141D8740-C626-4814-97B0-BA5587AB7A47}.Release|Any CPU.Build.0 = Release|Any CPU
	EndGlobalSection
	GlobalSection(SolutionProperties) = preSolution
		HideSolutionNode = FALSE
	EndGlobalSection
	GlobalSection(ExtensibilityGlobals) = postSolution
		SolutionGuid = {C480B7FA-8C21-4AB3-8046-776771B76A01}
	EndGlobalSection
EndGlobal
